[root]
name = "recurrence_relations"
version = "0.0.1"
dependencies = [
 "clap 0.4.6 (git+https://github.com/archer884/clap-rs?branch=master+typed-value-of)",
]

[[package]]
name = "clap"
version = "0.4.6"
source = "git+https://github.com/archer884/clap-rs?branch=master+typed-value-of#209c398e1a21e5fbc2e5c6f04cdafab90ce6f97c"

